
Microsoft Visual Studio Solution File, Format Version 12.00
# Visual Studio Version 16
VisualStudioVersion = 16.0.30413.136
MinimumVisualStudioVersion = 10.0.40219.1
Project("{FAE04EC0-301F-11D3-BF4B-00C04F79EFBC}") = "DesktopChat01", "DesktopChat01\DesktopChat01.csproj", "{37BC0DA0-CCFB-476D-98A6-06CCB57D5598}"
EndProject
Global
	GlobalSection(SolutionConfigurationPlatforms) = preSolution
		Debug|Any CPU = Debug|Any CPU
		Release|Any CPU = Release|Any CPU
	EndGlobalSection
	GlobalSection(ProjectConfigurationPlatforms) = postSolution
		{37BC0DA0-CCFB-476D-98A6-06CCB57D5598}.Debug|Any CPU.ActiveCfg = Debug|Any CPU
		{37BC0DA0-CCFB-476D-98A6-06CCB57D5598}.Debug|Any CPU.Build.0 = Debug|Any CPU
		{37BC0DA0-CCFB-476D-98A6-06CCB57D5598}.Release|Any CPU.ActiveCfg = Release|Any CPU
		{37BC0DA0-CCFB-476D-98A6-06CCB57D5598}.Release|Any CPU.Build.0 = Release|Any CPU
	EndGlobalSection
	GlobalSection(SolutionProperties) = preSolution
		HideSolutionNode = FALSE
	EndGlobalSection
	GlobalSection(ExtensibilityGlobals) = postSolution
		SolutionGuid = {43EE5F8B-028A-4A5E-9BE9-126AEB5ADB67}
	EndGlobalSection
EndGlobal
